
Microsoft Visual Studio Solution File, Format Version 12.00
# Visual Studio Version 17
VisualStudioVersion = 17.5.002.0
MinimumVisualStudioVersion = 10.0.40219.1
Project("{9A19103F-16F7-4668-BE54-9A1E7A4F7556}") = "Console", "Console\Console.csproj", "{ED3E9E87-2EF7-4337-AEE7-A8F436B7BFEA}"
EndProject
Project("{9A19103F-16F7-4668-BE54-9A1E7A4F7556}") = "ErrorGenerator", "ErrorGenerator\ErrorGenerator.csproj", "{9955FD25-D73F-496A-98E9-BCB448021439}"
EndProject
Project("{9A19103F-16F7-4668-BE54-9A1E7A4F7556}") = "ErrorGenerator.UnitTests", "ErrorGenerator.UnitTests\ErrorGenerator.UnitTests.csproj", "{AE113549-4261-491A-80FA-D0045E1BA7E8}"
EndProject
Global
	GlobalSection(SolutionConfigurationPlatforms) = preSolution
		Debug|Any CPU = Debug|Any CPU
		Release|Any CPU = Release|Any CPU
	EndGlobalSection
	GlobalSection(ProjectConfigurationPlatforms) = postSolution
		{ED3E9E87-2EF7-4337-AEE7-A8F436B7BFEA}.Debug|Any CPU.ActiveCfg = Debug|Any CPU
		{ED3E9E87-2EF7-4337-AEE7-A8F436B7BFEA}.Debug|Any CPU.Build.0 = Debug|Any CPU
		{ED3E9E87-2EF7-4337-AEE7-A8F436B7BFEA}.Release|Any CPU.ActiveCfg = Release|Any CPU
		{ED3E9E87-2EF7-4337-AEE7-A8F436B7BFEA}.Release|Any CPU.Build.0 = Release|Any CPU
		{9955FD25-D73F-496A-98E9-BCB448021439}.Debug|Any CPU.ActiveCfg = Debug|Any CPU
		{9955FD25-D73F-496A-98E9-BCB448021439}.Debug|Any CPU.Build.0 = Debug|Any CPU
		{9955FD25-D73F-496A-98E9-BCB448021439}.Release|Any CPU.ActiveCfg = Release|Any CPU
		{9955FD25-D73F-496A-98E9-BCB448021439}.Release|Any CPU.Build.0 = Release|Any CPU
		{AE113549-4261-491A-80FA-D0045E1BA7E8}.Debug|Any CPU.ActiveCfg = Debug|Any CPU
		{AE113549-4261-491A-80FA-D0045E1BA7E8}.Debug|Any CPU.Build.0 = Debug|Any CPU
		{AE113549-4261-491A-80FA-D0045E1BA7E8}.Release|Any CPU.ActiveCfg = Release|Any CPU
		{AE113549-4261-491A-80FA-D0045E1BA7E8}.Release|Any CPU.Build.0 = Release|Any CPU
	EndGlobalSection
	GlobalSection(SolutionProperties) = preSolution
		HideSolutionNode = FALSE
	EndGlobalSection
	GlobalSection(ExtensibilityGlobals) = postSolution
		SolutionGuid = {C40D2C1C-FD9E-4041-8E3A-79D12E0304A9}
	EndGlobalSection
EndGlobal
